
Microsoft Visual Studio Solution File, Format Version 12.00
# Visual Studio 15
VisualStudioVersion = 15.0.28307.705
MinimumVisualStudioVersion = 10.0.40219.1
Project("{8BC9CEB8-8B4A-11D0-8D11-00A0C91BC942}") = "Halcon18.5VS2017", "Halcon18.5VS2017\Halcon18.5VS2017.vcxproj", "{E76D8A38-8690-4936-B8DB-8EB8EDE48DDD}"
EndProject
Global
	GlobalSection(SolutionConfigurationPlatforms) = preSolution
		Debug|x64 = Debug|x64
		Debug|x86 = Debug|x86
		Release|x64 = Release|x64
		Release|x86 = Release|x86
	EndGlobalSection
	GlobalSection(ProjectConfigurationPlatforms) = postSolution
		{E76D8A38-8690-4936-B8DB-8EB8EDE48DDD}.Debug|x64.ActiveCfg = Debug|x64
		{E76D8A38-8690-4936-B8DB-8EB8EDE48DDD}.Debug|x64.Build.0 = Debug|x64
		{E76D8A38-8690-4936-B8DB-8EB8EDE48DDD}.Debug|x86.ActiveCfg = Debug|Win32
		{E76D8A38-8690-4936-B8DB-8EB8EDE48DDD}.Debug|x86.Build.0 = Debug|Win32
		{E76D8A38-8690-4936-B8DB-8EB8EDE48DDD}.Release|x64.ActiveCfg = Release|x64
		{E76D8A38-8690-4936-B8DB-8EB8EDE48DDD}.Release|x64.Build.0 = Release|x64
		{E76D8A38-8690-4936-B8DB-8EB8EDE48DDD}.Release|x86.ActiveCfg = Release|Win32
		{E76D8A38-8690-4936-B8DB-8EB8EDE48DDD}.Release|x86.Build.0 = Release|Win32
	EndGlobalSection
	GlobalSection(SolutionProperties) = preSolution
		HideSolutionNode = FALSE
	EndGlobalSection
	GlobalSection(ExtensibilityGlobals) = postSolution
		SolutionGuid = {C40C3CFB-4FC0-4ED1-B8BE-6A576686896B}
	EndGlobalSection
EndGlobal
